// !$*UTF8*$!
{
	archiveVersion = 1;
	classes = {
	};
	objectVersion = 55;
	objects = {

/* Begin PBXBuildFile section */
		972D093D292FFAAA00FE5268 /* PurchaseView.swift in Sources */ = {isa = PBXBuildFile; fileRef = 972D093C292FFAAA00FE5268 /* PurchaseView.swift */; };
		978267DB2929FE7C003E7959 /* RevenueCat in Frameworks */ = {isa = PBXBuildFile; productRef = 978267DA2929FE7C003E7959 /* RevenueCat */; };
		978267DD292A0159003E7959 /* UserViewModel.swift in Sources */ = {isa = PBXBuildFile; fileRef = 978267DC292A0159003E7959 /* UserViewModel.swift */; };
		97CE32CA2929B8C500BDAF95 /* StoreKit.framework in Frameworks */ = {isa = PBXBuildFile; fileRef = 97CE32C92929B8C500BDAF95 /* StoreKit.framework */; };
		97CE32CC2929BADE00BDAF95 /* PurchaseService.swift in Sources */ = {isa = PBXBuildFile; fileRef = 97CE32CB2929BADE00BDAF95 /* PurchaseService.swift */; };
		B69EF93B292367BD00045173 /* CalcView.swift in Sources */ = {isa = PBXBuildFile; fileRef = B69EF93A292367BD00045173 /* CalcView.swift */; };
		B69EF93D29236ED600045173 /* CustomView.swift in Sources */ = {isa = PBXBuildFile; fileRef = B69EF93C29236ED600045173 /* CustomView.swift */; };
		B6E8F810291357DC007313AF /* Units_EngineeredApp.swift in Sources */ = {isa = PBXBuildFile; fileRef = B6E8F80F291357DC007313AF /* Units_EngineeredApp.swift */; };
		B6E8F812291357DC007313AF /* ContentView.swift in Sources */ = {isa = PBXBuildFile; fileRef = B6E8F811291357DC007313AF /* ContentView.swift */; };
		B6E8F814291357DE007313AF /* Assets.xcassets in Resources */ = {isa = PBXBuildFile; fileRef = B6E8F813291357DE007313AF /* Assets.xcassets */; };
		B6E8F817291357DE007313AF /* Preview Assets.xcassets in Resources */ = {isa = PBXBuildFile; fileRef = B6E8F816291357DE007313AF /* Preview Assets.xcassets */; };
		B6E8F821291357DE007313AF /* Units_EngineeredTests.swift in Sources */ = {isa = PBXBuildFile; fileRef = B6E8F820291357DE007313AF /* Units_EngineeredTests.swift */; };
		B6E8F82B291357DE007313AF /* Units_EngineeredUITests.swift in Sources */ = {isa = PBXBuildFile; fileRef = B6E8F82A291357DE007313AF /* Units_EngineeredUITests.swift */; };
		B6E8F82D291357DE007313AF /* Units_EngineeredUITestsLaunchTests.swift in Sources */ = {isa = PBXBuildFile; fileRef = B6E8F82C291357DE007313AF /* Units_EngineeredUITestsLaunchTests.swift */; };
		B6EA0100291EE15900A0BAA3 /* UnitsSession.swift in Sources */ = {isa = PBXBuildFile; fileRef = B6EA00FF291EE15900A0BAA3 /* UnitsSession.swift */; };
/* End PBXBuildFile section */

/* Begin PBXContainerItemProxy section */
		B6E8F81D291357DE007313AF /* PBXContainerItemProxy */ = {
			isa = PBXContainerItemProxy;
			containerPortal = B6E8F804291357DC007313AF /* Project object */;
			proxyType = 1;
			remoteGlobalIDString = B6E8F80B291357DC007313AF;
			remoteInfo = "Units Engineered";
		};
		B6E8F827291357DE007313AF /* PBXContainerItemProxy */ = {
			isa = PBXContainerItemProxy;
			containerPortal = B6E8F804291357DC007313AF /* Project object */;
			proxyType = 1;
			remoteGlobalIDString = B6E8F80B291357DC007313AF;
			remoteInfo = "Units Engineered";
		};
/* End PBXContainerItemProxy section */

/* Begin PBXFileReference section */
		972D093C292FFAAA00FE5268 /* PurchaseView.swift */ = {isa = PBXFileReference; lastKnownFileType = sourcecode.swift; path = PurchaseView.swift; sourceTree = "<group>"; };
		978267DC292A0159003E7959 /* UserViewModel.swift */ = {isa = PBXFileReference; lastKnownFileType = sourcecode.swift; path = UserViewModel.swift; sourceTree = "<group>"; };
		97CE32C92929B8C500BDAF95 /* StoreKit.framework */ = {isa = PBXFileReference; lastKnownFileType = wrapper.framework; name = StoreKit.framework; path = System/Library/Frameworks/StoreKit.framework; sourceTree = SDKROOT; };
		97CE32CB2929BADE00BDAF95 /* PurchaseService.swift */ = {isa = PBXFileReference; lastKnownFileType = sourcecode.swift; path = PurchaseService.swift; sourceTree = "<group>"; };
		B69EF93A292367BD00045173 /* CalcView.swift */ = {isa = PBXFileReference; lastKnownFileType = sourcecode.swift; path = CalcView.swift; sourceTree = "<group>"; };
		B69EF93C29236ED600045173 /* CustomView.swift */ = {isa = PBXFileReference; lastKnownFileType = sourcecode.swift; path = CustomView.swift; sourceTree = "<group>"; };
		B6E8F80C291357DC007313AF /* Units Eng..app */ = {isa = PBXFileReference; explicitFileType = wrapper.application; includeInIndex = 0; path = "Units Eng..app"; sourceTree = BUILT_PRODUCTS_DIR; };
		B6E8F80F291357DC007313AF /* Units_EngineeredApp.swift */ = {isa = PBXFileReference; lastKnownFileType = sourcecode.swift; path = Units_EngineeredApp.swift; sourceTree = "<group>"; };
		B6E8F811291357DC007313AF /* ContentView.swift */ = {isa = PBXFileReference; lastKnownFileType = sourcecode.swift; path = ContentView.swift; sourceTree = "<group>"; };
		B6E8F813291357DE007313AF /* Assets.xcassets */ = {isa = PBXFileReference; lastKnownFileType = folder.assetcatalog; path = Assets.xcassets; sourceTree = "<group>"; };
		B6E8F816291357DE007313AF /* Preview Assets.xcassets */ = {isa = PBXFileReference; lastKnownFileType = folder.assetcatalog; path = "Preview Assets.xcassets"; sourceTree = "<group>"; };
		B6E8F81C291357DE007313AF /* Units EngineeredTests.xctest */ = {isa = PBXFileReference; explicitFileType = wrapper.cfbundle; includeInIndex = 0; path = "Units EngineeredTests.xctest"; sourceTree = BUILT_PRODUCTS_DIR; };
		B6E8F820291357DE007313AF /* Units_EngineeredTests.swift */ = {isa = PBXFileReference; lastKnownFileType = sourcecode.swift; path = Units_EngineeredTests.swift; sourceTree = "<group>"; };
		B6E8F826291357DE007313AF /* Units EngineeredUITests.xctest */ = {isa = PBXFileReference; explicitFileType = wrapper.cfbundle; includeInIndex = 0; path = "Units EngineeredUITests.xctest"; sourceTree = BUILT_PRODUCTS_DIR; };
		B6E8F82A291357DE007313AF /* Units_EngineeredUITests.swift */ = {isa = PBXFileReference; lastKnownFileType = sourcecode.swift; path = Units_EngineeredUITests.swift; sourceTree = "<group>"; };
		B6E8F82C291357DE007313AF /* Units_EngineeredUITestsLaunchTests.swift */ = {isa = PBXFileReference; lastKnownFileType = sourcecode.swift; path = Units_EngineeredUITestsLaunchTests.swift; sourceTree = "<group>"; };
		B6EA00FF291EE15900A0BAA3 /* UnitsSession.swift */ = {isa = PBXFileReference; lastKnownFileType = sourcecode.swift; path = UnitsSession.swift; sourceTree = "<group>"; };
/* End PBXFileReference section */

/* Begin PBXFrameworksBuildPhase section */
		B6E8F809291357DC007313AF /* Frameworks */ = {
			isa = PBXFrameworksBuildPhase;
			buildActionMask = 2147483647;
			files = (
				97CE32CA2929B8C500BDAF95 /* StoreKit.framework in Frameworks */,
				978267DB2929FE7C003E7959 /* RevenueCat in Frameworks */,
			);
			runOnlyForDeploymentPostprocessing = 0;
		};
		B6E8F819291357DE007313AF /* Frameworks */ = {
			isa = PBXFrameworksBuildPhase;
			buildActionMask = 2147483647;
			files = (
			);
			runOnlyForDeploymentPostprocessing = 0;
		};
		B6E8F823291357DE007313AF /* Frameworks */ = {
			isa = PBXFrameworksBuildPhase;
			buildActionMask = 2147483647;
			files = (
			);
			runOnlyForDeploymentPostprocessing = 0;
		};
/* End PBXFrameworksBuildPhase section */

/* Begin PBXGroup section */
		97CE32C82929B8C500BDAF95 /* Frameworks */ = {
			isa = PBXGroup;
			children = (
				97CE32C92929B8C500BDAF95 /* StoreKit.framework */,
			);
			name = Frameworks;
			sourceTree = "<group>";
		};
		B6E8F803291357DC007313AF = {
			isa = PBXGroup;
			children = (
				B6E8F80E291357DC007313AF /* Units Engineered */,
				B6E8F81F291357DE007313AF /* Units EngineeredTests */,
				B6E8F829291357DE007313AF /* Units EngineeredUITests */,
				B6E8F80D291357DC007313AF /* Products */,
				97CE32C82929B8C500BDAF95 /* Frameworks */,
			);
			sourceTree = "<group>";
		};
		B6E8F80D291357DC007313AF /* Products */ = {
			isa = PBXGroup;
			children = (
				B6E8F80C291357DC007313AF /* Units Eng..app */,
				B6E8F81C291357DE007313AF /* Units EngineeredTests.xctest */,
				B6E8F826291357DE007313AF /* Units EngineeredUITests.xctest */,
			);
			name = Products;
			sourceTree = "<group>";
		};
		B6E8F80E291357DC007313AF /* Units Engineered */ = {
			isa = PBXGroup;
			children = (
				B6E8F80F291357DC007313AF /* Units_EngineeredApp.swift */,
				B6EA00FF291EE15900A0BAA3 /* UnitsSession.swift */,
				B6E8F811291357DC007313AF /* ContentView.swift */,
				978267DC292A0159003E7959 /* UserViewModel.swift */,
				B69EF93C29236ED600045173 /* CustomView.swift */,
				B69EF93A292367BD00045173 /* CalcView.swift */,
				972D093C292FFAAA00FE5268 /* PurchaseView.swift */,
				97CE32CB2929BADE00BDAF95 /* PurchaseService.swift */,
				B6E8F813291357DE007313AF /* Assets.xcassets */,
				B6E8F815291357DE007313AF /* Preview Content */,
			);
			path = "Units Engineered";
			sourceTree = "<group>";
		};
		B6E8F815291357DE007313AF /* Preview Content */ = {
			isa = PBXGroup;
			children = (
				B6E8F816291357DE007313AF /* Preview Assets.xcassets */,
			);
			path = "Preview Content";
			sourceTree = "<group>";
		};
		B6E8F81F291357DE007313AF /* Units EngineeredTests */ = {
			isa = PBXGroup;
			children = (
				B6E8F820291357DE007313AF /* Units_EngineeredTests.swift */,
			);
			path = "Units EngineeredTests";
			sourceTree = "<group>";
		};
		B6E8F829291357DE007313AF /* Units EngineeredUITests */ = {
			isa = PBXGroup;
			children = (
				B6E8F82A291357DE007313AF /* Units_EngineeredUITests.swift */,
				B6E8F82C291357DE007313AF /* Units_EngineeredUITestsLaunchTests.swift */,
			);
			path = "Units EngineeredUITests";
			sourceTree = "<group>";
		};
/* End PBXGroup section */

/* Begin PBXNativeTarget section */
		B6E8F80B291357DC007313AF /* Units Engineered */ = {
			isa = PBXNativeTarget;
			buildConfigurationList = B6E8F830291357DE007313AF /* Build configuration list for PBXNativeTarget "Units Engineered" */;
			buildPhases = (
				B6E8F808291357DC007313AF /* Sources */,
				B6E8F809291357DC007313AF /* Frameworks */,
				B6E8F80A291357DC007313AF /* Resources */,
			);
			buildRules = (
			);
			dependencies = (
			);
			name = "Units Engineered";
			packageProductDependencies = (
				978267DA2929FE7C003E7959 /* RevenueCat */,
			);
			productName = "Units Engineered";
			productReference = B6E8F80C291357DC007313AF /* Units Eng..app */;
			productType = "com.apple.product-type.application";
		};
		B6E8F81B291357DE007313AF /* Units EngineeredTests */ = {
			isa = PBXNativeTarget;
			buildConfigurationList = B6E8F833291357DE007313AF /* Build configuration list for PBXNativeTarget "Units EngineeredTests" */;
			buildPhases = (
				B6E8F818291357DE007313AF /* Sources */,
				B6E8F819291357DE007313AF /* Frameworks */,
				B6E8F81A291357DE007313AF /* Resources */,
			);
			buildRules = (
			);
			dependencies = (
				B6E8F81E291357DE007313AF /* PBXTargetDependency */,
			);
			name = "Units EngineeredTests";
			productName = "Units EngineeredTests";
			productReference = B6E8F81C291357DE007313AF /* Units EngineeredTests.xctest */;
			productType = "com.apple.product-type.bundle.unit-test";
		};
		B6E8F825291357DE007313AF /* Units EngineeredUITests */ = {
			isa = PBXNativeTarget;
			buildConfigurationList = B6E8F836291357DE007313AF /* Build configuration list for PBXNativeTarget "Units EngineeredUITests" */;
			buildPhases = (
				B6E8F822291357DE007313AF /* Sources */,
				B6E8F823291357DE007313AF /* Frameworks */,
				B6E8F824291357DE007313AF /* Resources */,
			);
			buildRules = (
			);
			dependencies = (
				B6E8F828291357DE007313AF /* PBXTargetDependency */,
			);
			name = "Units EngineeredUITests";
			productName = "Units EngineeredUITests";
			productReference = B6E8F826291357DE007313AF /* Units EngineeredUITests.xctest */;
			productType = "com.apple.product-type.bundle.ui-testing";
		};
/* End PBXNativeTarget section */

/* Begin PBXProject section */
		B6E8F804291357DC007313AF /* Project object */ = {
			isa = PBXProject;
			attributes = {
				BuildIndependentTargetsInParallel = 1;
				LastSwiftUpdateCheck = 1400;
				LastUpgradeCheck = 1400;
				TargetAttributes = {
					B6E8F80B291357DC007313AF = {
						CreatedOnToolsVersion = 14.0.1;
					};
					B6E8F81B291357DE007313AF = {
						CreatedOnToolsVersion = 14.0.1;
						TestTargetID = B6E8F80B291357DC007313AF;
					};
					B6E8F825291357DE007313AF = {
						CreatedOnToolsVersion = 14.0.1;
						TestTargetID = B6E8F80B291357DC007313AF;
					};
				};
			};
			buildConfigurationList = B6E8F807291357DC007313AF /* Build configuration list for PBXProject "Units Engineered" */;
			compatibilityVersion = "Xcode 13.0";
			developmentRegion = en;
			hasScannedForEncodings = 0;
			knownRegions = (
				en,
				Base,
			);
			mainGroup = B6E8F803291357DC007313AF;
			packageReferences = (
				978267D92929FE7C003E7959 /* XCRemoteSwiftPackageReference "purchases-ios" */,
			);
			productRefGroup = B6E8F80D291357DC007313AF /* Products */;
			projectDirPath = "";
			projectRoot = "";
			targets = (
				B6E8F80B291357DC007313AF /* Units Engineered */,
				B6E8F81B291357DE007313AF /* Units EngineeredTests */,
				B6E8F825291357DE007313AF /* Units EngineeredUITests */,
			);
		};
/* End PBXProject section */

/* Begin PBXResourcesBuildPhase section */
		B6E8F80A291357DC007313AF /* Resources */ = {
			isa = PBXResourcesBuildPhase;
			buildActionMask = 2147483647;
			files = (
				B6E8F817291357DE007313AF /* Preview Assets.xcassets in Resources */,
				B6E8F814291357DE007313AF /* Assets.xcassets in Resources */,
			);
			runOnlyForDeploymentPostprocessing = 0;
		};
		B6E8F81A291357DE007313AF /* Resources */ = {
			isa = PBXResourcesBuildPhase;
			buildActionMask = 2147483647;
			files = (
			);
			runOnlyForDeploymentPostprocessing = 0;
		};
		B6E8F824291357DE007313AF /* Resources */ = {
			isa = PBXResourcesBuildPhase;
			buildActionMask = 2147483647;
			files = (
			);
			runOnlyForDeploymentPostprocessing = 0;
		};
/* End PBXResourcesBuildPhase section */

/* Begin PBXSourcesBuildPhase section */
		B6E8F808291357DC007313AF /* Sources */ = {
			isa = PBXSourcesBuildPhase;
			buildActionMask = 2147483647;
			files = (
				B69EF93D29236ED600045173 /* CustomView.swift in Sources */,
				B6E8F812291357DC007313AF /* ContentView.swift in Sources */,
				97CE32CC2929BADE00BDAF95 /* PurchaseService.swift in Sources */,
				972D093D292FFAAA00FE5268 /* PurchaseView.swift in Sources */,
				B6EA0100291EE15900A0BAA3 /* UnitsSession.swift in Sources */,
				B6E8F810291357DC007313AF /* Units_EngineeredApp.swift in Sources */,
				978267DD292A0159003E7959 /* UserViewModel.swift in Sources */,
				B69EF93B292367BD00045173 /* CalcView.swift in Sources */,
			);
			runOnlyForDeploymentPostprocessing = 0;
		};
		B6E8F818291357DE007313AF /* Sources */ = {
			isa = PBXSourcesBuildPhase;
			buildActionMask = 2147483647;
			files = (
				B6E8F821291357DE007313AF /* Units_EngineeredTests.swift in Sources */,
			);
			runOnlyForDeploymentPostprocessing = 0;
		};
		B6E8F822291357DE007313AF /* Sources */ = {
			isa = PBXSourcesBuildPhase;
			buildActionMask = 2147483647;
			files = (
				B6E8F82D291357DE007313AF /* Units_EngineeredUITestsLaunchTests.swift in Sources */,
				B6E8F82B291357DE007313AF /* Units_EngineeredUITests.swift in Sources */,
			);
			runOnlyForDeploymentPostprocessing = 0;
		};
/* End PBXSourcesBuildPhase section */

/* Begin PBXTargetDependency section */
		B6E8F81E291357DE007313AF /* PBXTargetDependency */ = {
			isa = PBXTargetDependency;
			target = B6E8F80B291357DC007313AF /* Units Engineered */;
			targetProxy = B6E8F81D291357DE007313AF /* PBXContainerItemProxy */;
		};
		B6E8F828291357DE007313AF /* PBXTargetDependency */ = {
			isa = PBXTargetDependency;
			target = B6E8F80B291357DC007313AF /* Units Engineered */;
			targetProxy = B6E8F827291357DE007313AF /* PBXContainerItemProxy */;
		};
/* End PBXTargetDependency section */

/* Begin XCBuildConfiguration section */
		B6E8F82E291357DE007313AF /* Debug */ = {
			isa = XCBuildConfiguration;
			buildSettings = {
				ALWAYS_SEARCH_USER_PATHS = NO;
				CLANG_ANALYZER_NONNULL = YES;
				CLANG_ANALYZER_NUMBER_OBJECT_CONVERSION = YES_AGGRESSIVE;
				CLANG_CXX_LANGUAGE_STANDARD = "gnu++20";
				CLANG_ENABLE_MODULES = YES;
				CLANG_ENABLE_OBJC_ARC = YES;
				CLANG_ENABLE_OBJC_WEAK = YES;
				CLANG_WARN_BLOCK_CAPTURE_AUTORELEASING = YES;
				CLANG_WARN_BOOL_CONVERSION = YES;
				CLANG_WARN_COMMA = YES;
				CLANG_WARN_CONSTANT_CONVERSION = YES;
				CLANG_WARN_DEPRECATED_OBJC_IMPLEMENTATIONS = YES;
				CLANG_WARN_DIRECT_OBJC_ISA_USAGE = YES_ERROR;
				CLANG_WARN_DOCUMENTATION_COMMENTS = YES;
				CLANG_WARN_EMPTY_BODY = YES;
				CLANG_WARN_ENUM_CONVERSION = YES;
				CLANG_WARN_INFINITE_RECURSION = YES;
				CLANG_WARN_INT_CONVERSION = YES;
				CLANG_WARN_NON_LITERAL_NULL_CONVERSION = YES;
				CLANG_WARN_OBJC_IMPLICIT_RETAIN_SELF = YES;
				CLANG_WARN_OBJC_LITERAL_CONVERSION = YES;
				CLANG_WARN_OBJC_ROOT_CLASS = YES_ERROR;
				CLANG_WARN_QUOTED_INCLUDE_IN_FRAMEWORK_HEADER = YES;
				CLANG_WARN_RANGE_LOOP_ANALYSIS = YES;
				CLANG_WARN_STRICT_PROTOTYPES = YES;
				CLANG_WARN_SUSPICIOUS_MOVE = YES;
				CLANG_WARN_UNGUARDED_AVAILABILITY = YES_AGGRESSIVE;
				CLANG_WARN_UNREACHABLE_CODE = YES;
				CLANG_WARN__DUPLICATE_METHOD_MATCH = YES;
				COPY_PHASE_STRIP = NO;
				DEBUG_INFORMATION_FORMAT = dwarf;
				ENABLE_STRICT_OBJC_MSGSEND = YES;
				ENABLE_TESTABILITY = YES;
				GCC_C_LANGUAGE_STANDARD = gnu11;
				GCC_DYNAMIC_NO_PIC = NO;
				GCC_NO_COMMON_BLOCKS = YES;
				GCC_OPTIMIZATION_LEVEL = 0;
				GCC_PREPROCESSOR_DEFINITIONS = (
					"DEBUG=1",
					"$(inherited)",
				);
				GCC_WARN_64_TO_32_BIT_CONVERSION = YES;
				GCC_WARN_ABOUT_RETURN_TYPE = YES_ERROR;
				GCC_WARN_UNDECLARED_SELECTOR = YES;
				GCC_WARN_UNINITIALIZED_AUTOS = YES_AGGRESSIVE;
				GCC_WARN_UNUSED_FUNCTION = YES;
				GCC_WARN_UNUSED_VARIABLE = YES;
				IPHONEOS_DEPLOYMENT_TARGET = 15.0;
				MTL_ENABLE_DEBUG_INFO = INCLUDE_SOURCE;
				MTL_FAST_MATH = YES;
				ONLY_ACTIVE_ARCH = YES;
				SDKROOT = iphoneos;
				SWIFT_ACTIVE_COMPILATION_CONDITIONS = DEBUG;
				SWIFT_OPTIMIZATION_LEVEL = "-Onone";
			};
			name = Debug;
		};
		B6E8F82F291357DE007313AF /* Release */ = {
			isa = XCBuildConfiguration;
			buildSettings = {
				ALWAYS_SEARCH_USER_PATHS = NO;
				CLANG_ANALYZER_NONNULL = YES;
				CLANG_ANALYZER_NUMBER_OBJECT_CONVERSION = YES_AGGRESSIVE;
				CLANG_CXX_LANGUAGE_STANDARD = "gnu++20";
				CLANG_ENABLE_MODULES = YES;
				CLANG_ENABLE_OBJC_ARC = YES;
				CLANG_ENABLE_OBJC_WEAK = YES;
				CLANG_WARN_BLOCK_CAPTURE_AUTORELEASING = YES;
				CLANG_WARN_BOOL_CONVERSION = YES;
				CLANG_WARN_COMMA = YES;
				CLANG_WARN_CONSTANT_CONVERSION = YES;
				CLANG_WARN_DEPRECATED_OBJC_IMPLEMENTATIONS = YES;
				CLANG_WARN_DIRECT_OBJC_ISA_USAGE = YES_ERROR;
				CLANG_WARN_DOCUMENTATION_COMMENTS = YES;
				CLANG_WARN_EMPTY_BODY = YES;
				CLANG_WARN_ENUM_CONVERSION = YES;
				CLANG_WARN_INFINITE_RECURSION = YES;
				CLANG_WARN_INT_CONVERSION = YES;
				CLANG_WARN_NON_LITERAL_NULL_CONVERSION = YES;
				CLANG_WARN_OBJC_IMPLICIT_RETAIN_SELF = YES;
				CLANG_WARN_OBJC_LITERAL_CONVERSION = YES;
				CLANG_WARN_OBJC_ROOT_CLASS = YES_ERROR;
				CLANG_WARN_QUOTED_INCLUDE_IN_FRAMEWORK_HEADER = YES;
				CLANG_WARN_RANGE_LOOP_ANALYSIS = YES;
				CLANG_WARN_STRICT_PROTOTYPES = YES;
				CLANG_WARN_SUSPICIOUS_MOVE = YES;
				CLANG_WARN_UNGUARDED_AVAILABILITY = YES_AGGRESSIVE;
				CLANG_WARN_UNREACHABLE_CODE = YES;
				CLANG_WARN__DUPLICATE_METHOD_MATCH = YES;
				COPY_PHASE_STRIP = NO;
				DEBUG_INFORMATION_FORMAT = "dwarf-with-dsym";
				ENABLE_NS_ASSERTIONS = NO;
				ENABLE_STRICT_OBJC_MSGSEND = YES;
				GCC_C_LANGUAGE_STANDARD = gnu11;
				GCC_NO_COMMON_BLOCKS = YES;
				GCC_WARN_64_TO_32_BIT_CONVERSION = YES;
				GCC_WARN_ABOUT_RETURN_TYPE = YES_ERROR;
				GCC_WARN_UNDECLARED_SELECTOR = YES;
				GCC_WARN_UNINITIALIZED_AUTOS = YES_AGGRESSIVE;
				GCC_WARN_UNUSED_FUNCTION = YES;
				GCC_WARN_UNUSED_VARIABLE = YES;
				IPHONEOS_DEPLOYMENT_TARGET = 15.0;
				MTL_ENABLE_DEBUG_INFO = NO;
				MTL_FAST_MATH = YES;
				SDKROOT = iphoneos;
				SWIFT_COMPILATION_MODE = wholemodule;
				SWIFT_OPTIMIZATION_LEVEL = "-O";
				VALIDATE_PRODUCT = YES;
			};
			name = Release;
		};
		B6E8F831291357DE007313AF /* Debug */ = {
			isa = XCBuildConfiguration;
			buildSettings = {
				ASSETCATALOG_COMPILER_APPICON_NAME = AppIcon;
				ASSETCATALOG_COMPILER_GLOBAL_ACCENT_COLOR_NAME = AccentColor;
				ASSETCATALOG_COMPILER_INCLUDE_ALL_APPICON_ASSETS = YES;
				CODE_SIGN_STYLE = Automatic;
				CURRENT_PROJECT_VERSION = 2;
				DEVELOPMENT_ASSET_PATHS = "\"Units Engineered/Preview Content\"";
				DEVELOPMENT_TEAM = 6P9356DZ8W;
				ENABLE_PREVIEWS = YES;
				GENERATE_INFOPLIST_FILE = YES;
				INFOPLIST_KEY_LSApplicationCategoryType = "public.app-category.utilities";
				INFOPLIST_KEY_UIApplicationSceneManifest_Generation = YES;
				INFOPLIST_KEY_UIApplicationSupportsIndirectInputEvents = YES;
				INFOPLIST_KEY_UILaunchScreen_Generation = YES;
				INFOPLIST_KEY_UISupportedInterfaceOrientations = "UIInterfaceOrientationLandscapeLeft UIInterfaceOrientationLandscapeRight UIInterfaceOrientationPortrait";
				INFOPLIST_KEY_UISupportedInterfaceOrientations_iPad = "UIInterfaceOrientationLandscapeLeft UIInterfaceOrientationLandscapeRight UIInterfaceOrientationPortrait UIInterfaceOrientationPortraitUpsideDown";
				IPHONEOS_DEPLOYMENT_TARGET = 15.0;
				LD_RUNPATH_SEARCH_PATHS = (
					"$(inherited)",
					"@executable_path/Frameworks",
				);
				MARKETING_VERSION = 1.3;
				PRODUCT_BUNDLE_IDENTIFIER = "com.camdencarlson.Units-Engineered";
				PRODUCT_NAME = "Units Eng.";
				SWIFT_EMIT_LOC_STRINGS = YES;
				SWIFT_VERSION = 5.0;
				TARGETED_DEVICE_FAMILY = "1,2";
			};
			name = Debug;
		};
		B6E8F832291357DE007313AF /* Release */ = {
			isa = XCBuildConfiguration;
			buildSettings = {
				ASSETCATALOG_COMPILER_APPICON_NAME = AppIcon;
				ASSETCATALOG_COMPILER_GLOBAL_ACCENT_COLOR_NAME = AccentColor;
				ASSETCATALOG_COMPILER_INCLUDE_ALL_APPICON_ASSETS = YES;
				CODE_SIGN_STYLE = Automatic;
				CURRENT_PROJECT_VERSION = 2;
				DEVELOPMENT_ASSET_PATHS = "\"Units Engineered/Preview Content\"";
				DEVELOPMENT_TEAM = 6P9356DZ8W;
				ENABLE_PREVIEWS = YES;
				GENERATE_INFOPLIST_FILE = YES;
				INFOPLIST_KEY_LSApplicationCategoryType = "public.app-category.utilities";
				INFOPLIST_KEY_UIApplicationSceneManifest_Generation = YES;
				INFOPLIST_KEY_UIApplicationSupportsIndirectInputEvents = YES;
				INFOPLIST_KEY_UILaunchScreen_Generation = YES;
				INFOPLIST_KEY_UISupportedInterfaceOrientations = "UIInterfaceOrientationLandscapeLeft UIInterfaceOrientationLandscapeRight UIInterfaceOrientationPortrait";
				INFOPLIST_KEY_UISupportedInterfaceOrientations_iPad = "UIInterfaceOrientationLandscapeLeft UIInterfaceOrientationLandscapeRight UIInterfaceOrientationPortrait UIInterfaceOrientationPortraitUpsideDown";
				IPHONEOS_DEPLOYMENT_TARGET = 15.0;
				LD_RUNPATH_SEARCH_PATHS = (
					"$(inherited)",
					"@executable_path/Frameworks",
				);
				MARKETING_VERSION = 1.3;
				PRODUCT_BUNDLE_IDENTIFIER = "com.camdencarlson.Units-Engineered";
				PRODUCT_NAME = "Units Eng.";
				SWIFT_EMIT_LOC_STRINGS = YES;
				SWIFT_VERSION = 5.0;
				TARGETED_DEVICE_FAMILY = "1,2";
			};
			name = Release;
		};
		B6E8F834291357DE007313AF /* Debug */ = {
			isa = XCBuildConfiguration;
			buildSettings = {
				ALWAYS_EMBED_SWIFT_STANDARD_LIBRARIES = YES;
				BUNDLE_LOADER = "$(TEST_HOST)";
				CODE_SIGN_STYLE = Automatic;
				CURRENT_PROJECT_VERSION = 1;
				GENERATE_INFOPLIST_FILE = YES;
				IPHONEOS_DEPLOYMENT_TARGET = 16.0;
				MARKETING_VERSION = 1.0;
				PRODUCT_BUNDLE_IDENTIFIER = "com.camdencarlson.Units-EngineeredTests";
				PRODUCT_NAME = "$(TARGET_NAME)";
				SWIFT_EMIT_LOC_STRINGS = NO;
				SWIFT_VERSION = 5.0;
				TARGETED_DEVICE_FAMILY = "1,2";
				TEST_HOST = "$(BUILT_PRODUCTS_DIR)/Units Engineered.app/$(BUNDLE_EXECUTABLE_FOLDER_PATH)/Units Engineered";
			};
			name = Debug;
		};
		B6E8F835291357DE007313AF /* Release */ = {
			isa = XCBuildConfiguration;
			buildSettings = {
				ALWAYS_EMBED_SWIFT_STANDARD_LIBRARIES = YES;
				BUNDLE_LOADER = "$(TEST_HOST)";
				CODE_SIGN_STYLE = Automatic;
				CURRENT_PROJECT_VERSION = 1;
				GENERATE_INFOPLIST_FILE = YES;
				IPHONEOS_DEPLOYMENT_TARGET = 16.0;
				MARKETING_VERSION = 1.0;
				PRODUCT_BUNDLE_IDENTIFIER = "com.camdencarlson.Units-EngineeredTests";
				PRODUCT_NAME = "$(TARGET_NAME)";
				SWIFT_EMIT_LOC_STRINGS = NO;
				SWIFT_VERSION = 5.0;
				TARGETED_DEVICE_FAMILY = "1,2";
				TEST_HOST = "$(BUILT_PRODUCTS_DIR)/Units Engineered.app/$(BUNDLE_EXECUTABLE_FOLDER_PATH)/Units Engineered";
			};
			name = Release;
		};
		B6E8F837291357DE007313AF /* Debug */ = {
			isa = XCBuildConfiguration;
			buildSettings = {
				ALWAYS_EMBED_SWIFT_STANDARD_LIBRARIES = "$(inherited)";
				CODE_SIGN_STYLE = Automatic;
				CURRENT_PROJECT_VERSION = 1;
				GENERATE_INFOPLIST_FILE = YES;
				MARKETING_VERSION = 1.0;
				PRODUCT_BUNDLE_IDENTIFIER = "com.camdencarlson.Units-EngineeredUITests";
				PRODUCT_NAME = "$(TARGET_NAME)";
				SWIFT_EMIT_LOC_STRINGS = NO;
				SWIFT_VERSION = 5.0;
				TARGETED_DEVICE_FAMILY = "1,2";
				TEST_TARGET_NAME = "Units Engineered";
			};
			name = Debug;
		};
		B6E8F838291357DE007313AF /* Release */ = {
			isa = XCBuildConfiguration;
			buildSettings = {
				ALWAYS_EMBED_SWIFT_STANDARD_LIBRARIES = "$(inherited)";
				CODE_SIGN_STYLE = Automatic;
				CURRENT_PROJECT_VERSION = 1;
				GENERATE_INFOPLIST_FILE = YES;
				MARKETING_VERSION = 1.0;
				PRODUCT_BUNDLE_IDENTIFIER = "com.camdencarlson.Units-EngineeredUITests";
				PRODUCT_NAME = "$(TARGET_NAME)";
				SWIFT_EMIT_LOC_STRINGS = NO;
				SWIFT_VERSION = 5.0;
				TARGETED_DEVICE_FAMILY = "1,2";
				TEST_TARGET_NAME = "Units Engineered";
			};
			name = Release;
		};
/* End XCBuildConfiguration section */

/* Begin XCConfigurationList section */
		B6E8F807291357DC007313AF /* Build configuration list for PBXProject "Units Engineered" */ = {
			isa = XCConfigurationList;
			buildConfigurations = (
				B6E8F82E291357DE007313AF /* Debug */,
				B6E8F82F291357DE007313AF /* Release */,
			);
			defaultConfigurationIsVisible = 0;
			defaultConfigurationName = Release;
		};
		B6E8F830291357DE007313AF /* Build configuration list for PBXNativeTarget "Units Engineered" */ = {
			isa = XCConfigurationList;
			buildConfigurations = (
				B6E8F831291357DE007313AF /* Debug */,
				B6E8F832291357DE007313AF /* Release */,
			);
			defaultConfigurationIsVisible = 0;
			defaultConfigurationName = Release;
		};
		B6E8F833291357DE007313AF /* Build configuration list for PBXNativeTarget "Units EngineeredTests" */ = {
			isa = XCConfigurationList;
			buildConfigurations = (
				B6E8F834291357DE007313AF /* Debug */,
				B6E8F835291357DE007313AF /* Release */,
			);
			defaultConfigurationIsVisible = 0;
			defaultConfigurationName = Release;
		};
		B6E8F836291357DE007313AF /* Build configuration list for PBXNativeTarget "Units EngineeredUITests" */ = {
			isa = XCConfigurationList;
			buildConfigurations = (
				B6E8F837291357DE007313AF /* Debug */,
				B6E8F838291357DE007313AF /* Release */,
			);
			defaultConfigurationIsVisible = 0;
			defaultConfigurationName = Release;
		};
/* End XCConfigurationList section */

/* Begin XCRemoteSwiftPackageReference section */
		978267D92929FE7C003E7959 /* XCRemoteSwiftPackageReference "purchases-ios" */ = {
			isa = XCRemoteSwiftPackageReference;
			repositoryURL = "https://github.com/RevenueCat/purchases-ios.git";
			requirement = {
				kind = upToNextMajorVersion;
				minimumVersion = 4.0.0;
			};
		};
/* End XCRemoteSwiftPackageReference section */

/* Begin XCSwiftPackageProductDependency section */
		978267DA2929FE7C003E7959 /* RevenueCat */ = {
			isa = XCSwiftPackageProductDependency;
			package = 978267D92929FE7C003E7959 /* XCRemoteSwiftPackageReference "purchases-ios" */;
			productName = RevenueCat;
		};
/* End XCSwiftPackageProductDependency section */
	};
	rootObject = B6E8F804291357DC007313AF /* Project object */;
}
